<?xml version="1.0" encoding="utf-8"?>
<Project ToolsVersion="4.0" xmlns="http://schemas.microsoft.com/developer/msbuild/2003">
  <ItemGroup>
    <ClCompile Include="Animation.cpp" />
    <ClCompile Include="Animations.cpp" />
    <ClCompile Include="BackgroundColor.cpp" />
    <ClCompile Include="BaseBrick.cpp" />
    <ClCompile Include="BreakableBrick.cpp" />
    <ClCompile Include="Camera.cpp" />
    <ClCompile Include="Character.cpp" />
    <ClCompile Include="Cloud.cpp" />
    <ClCompile Include="Coin.cpp" />
    <ClCompile Include="Collision.cpp" />
    <ClCompile Include="ColorBlock.cpp" />
    <ClCompile Include="debug.cpp" />
    <ClCompile Include="Fireball.cpp" />
    <ClCompile Include="Floor.cpp" />
    <ClCompile Include="Game.cpp" />
    <ClCompile Include="GameObject.cpp" />
    <ClCompile Include="GenericPlatform.cpp" />
    <ClCompile Include="Goomba.cpp" />
    <ClCompile Include="GoombaFly.cpp" />
    <ClCompile Include="Koopa.cpp" />
    <ClCompile Include="KoopaGreen.cpp" />
    <ClCompile Include="KoopaRed.cpp" />
    <ClCompile Include="Leaf.cpp" />
    <ClCompile Include="main.cpp" />
    <ClCompile Include="Mario.cpp" />
    <ClCompile Include="Mountain.cpp" />
    <ClCompile Include="Mushroom.cpp" />
    <ClCompile Include="Pipe.cpp" />
    <ClCompile Include="Plant.cpp" />
    <ClCompile Include="Platform.cpp" />
    <ClCompile Include="PlayScene.cpp" />
    <ClCompile Include="Portal.cpp" />
    <ClCompile Include="PowerUp.cpp" />
    <ClCompile Include="QuestionBlock.cpp" />
    <ClCompile Include="SampleKeyEventHandler.cpp" />
    <ClCompile Include="Scene.cpp" />
    <ClCompile Include="Score.cpp" />
    <ClCompile Include="Smoke.cpp" />
    <ClCompile Include="Sprite.cpp" />
    <ClCompile Include="Sprites.cpp" />
    <ClCompile Include="Textures.cpp" />
    <ClCompile Include="Timer.cpp" />
    <ClCompile Include="UnbreakableBrick.cpp" />
    <ClCompile Include="Utils.cpp" />
    <ClCompile Include="HUD.cpp" />
    <ClCompile Include="Font.cpp" />
    <ClCompile Include="GameData.cpp" />
    <ClCompile Include="Point.cpp" />
    <ClCompile Include="GameFXManager.cpp" />
    <ClCompile Include="GameFX.cpp" />
    <ClCompile Include="ScoreManager.cpp" />
    <ClCompile Include="CloudPlatform.cpp" />
    <ClCompile Include="TimerManager.cpp" />
    <ClCompile Include="Abyss.cpp" />
    <ClCompile Include="InvisibleWall.cpp" />
    <ClCompile Include="Box.cpp" />
    <ClCompile Include="Switch.cpp" />
    <ClCompile Include="GameFXBreak.cpp" />
    <ClCompile Include="BoomerangBro.cpp" />
    <ClCompile Include="Boomerang.cpp" />
    <ClCompile Include="Random.cpp" />
    <ClCompile Include="MovingPlatform.cpp" />
    <ClCompile Include="Prize.cpp" />
    <ClCompile Include="Decoration.cpp" />
  </ItemGroup>
  <ItemGroup>
    <ClInclude Include="Animation.h" />
    <ClInclude Include="AnimationFrame.h" />
    <ClInclude Include="Animations.h" />
    <ClInclude Include="AssetIDs.h" />
    <ClInclude Include="BackgroundColor.h" />
    <ClInclude Include="BaseBrick.h" />
    <ClInclude Include="BreakableBrick.h" />
    <ClInclude Include="Camera.h" />
    <ClInclude Include="Character.h" />
    <ClInclude Include="Cloud.h" />
    <ClInclude Include="Coin.h" />
    <ClInclude Include="Collision.h" />
    <ClInclude Include="ColorBlock.h" />
    <ClInclude Include="debug.h" />
    <ClInclude Include="Fireball.h" />
    <ClInclude Include="Floor.h" />
    <ClInclude Include="Game.h" />
    <ClInclude Include="GameObject.h" />
    <ClInclude Include="GenericPlatform.h" />
    <ClInclude Include="Goomba.h" />
    <ClInclude Include="GoombaFly.h" />
    <ClInclude Include="KeyEventHandler.h" />
    <ClInclude Include="Koopa.h" />
    <ClInclude Include="KoopaGreen.h" />
    <ClInclude Include="KoopaRed.h" />
    <ClInclude Include="Leaf.h" />
    <ClInclude Include="Mario.h" />
    <ClInclude Include="Mountain.h" />
    <ClInclude Include="Mushroom.h" />
    <ClInclude Include="Pipe.h" />
    <ClInclude Include="Plant.h" />
    <ClInclude Include="Platform.h" />
    <ClInclude Include="PlayScene.h" />
    <ClInclude Include="Portal.h" />
    <ClInclude Include="PowerUp.h" />
    <ClInclude Include="QuestionBlock.h" />
    <ClInclude Include="SampleKeyEventHandler.h" />
    <ClInclude Include="Scene.h" />
    <ClInclude Include="Score.h" />
    <ClInclude Include="Smoke.h" />
    <ClInclude Include="Sprite.h" />
    <ClInclude Include="Sprites.h" />
    <ClInclude Include="Texture.h" />
    <ClInclude Include="Textures.h" />
    <ClInclude Include="Timer.h" />
    <ClInclude Include="UnbreakableBrick.h" />
    <ClInclude Include="Utils.h" />
    <ClInclude Include="HUD.h" />
    <ClInclude Include="Font.h" />
    <ClInclude Include="GameData.h" />
    <ClInclude Include="Point.h" />
    <ClInclude Include="GameFXManager.h" />
    <ClInclude Include="GameFX.h" />
    <ClInclude Include="ScoreManager.h" />
    <ClInclude Include="CloudPlatform.h" />
    <ClInclude Include="TimerManager.h" />
    <ClInclude Include="Abyss.h" />
    <ClInclude Include="InvisibleWall.h" />
    <ClInclude Include="Box.h" />
    <ClInclude Include="Switch.h" />
    <ClInclude Include="GameFXBreak.h" />
    <ClInclude Include="BoomerangBro.h" />
    <ClInclude Include="Boomerang.h" />
    <ClInclude Include="Random.h" />
    <ClInclude Include="MovingPlatform.h" />
    <ClInclude Include="Prize.h" />
    <ClInclude Include="Decoration.h" />
  </ItemGroup>
  <ItemGroup>
    <None Include="packages.config" />
  </ItemGroup>
</Project>